
Microsoft Visual Studio Solution File, Format Version 12.00
# Visual Studio Version 16
VisualStudioVersion = 16.0.30503.244
MinimumVisualStudioVersion = 10.0.40219.1
Project("{FAE04EC0-301F-11D3-BF4B-00C04F79EFBC}") = "FixedAssetBarcodeScanProject", "FixedAssetBarcodeScanProject\FixedAssetBarcodeScanProject.csproj", "{18A5B886-BAD1-4B70-A853-08A220889B38}"
EndProject
Global
	GlobalSection(SolutionConfigurationPlatforms) = preSolution
		Debug|Any CPU = Debug|Any CPU
		Release|Any CPU = Release|Any CPU
	EndGlobalSection
	GlobalSection(ProjectConfigurationPlatforms) = postSolution
		{18A5B886-BAD1-4B70-A853-08A220889B38}.Debug|Any CPU.ActiveCfg = Debug|Any CPU
		{18A5B886-BAD1-4B70-A853-08A220889B38}.Debug|Any CPU.Build.0 = Debug|Any CPU
		{18A5B886-BAD1-4B70-A853-08A220889B38}.Release|Any CPU.ActiveCfg = Release|Any CPU
		{18A5B886-BAD1-4B70-A853-08A220889B38}.Release|Any CPU.Build.0 = Release|Any CPU
	EndGlobalSection
	GlobalSection(SolutionProperties) = preSolution
		HideSolutionNode = FALSE
	EndGlobalSection
	GlobalSection(ExtensibilityGlobals) = postSolution
		SolutionGuid = {4C830E14-492E-44C0-B7C1-AB48DAFE3905}
	EndGlobalSection
EndGlobal
